// !$*UTF8*$!
{
	archiveVersion = 1;
	classes = {
	};
	objectVersion = 46;
	objects = {

/* Begin PBXBuildFile section */
		8318363D1960F77C0098C82F /* NSString+NSStringExtension.m in Sources */ = {isa = PBXBuildFile; fileRef = 8318363C1960F77C0098C82F /* NSString+NSStringExtension.m */; };
		831E765B19615AD700CE6938 /* ZYContactPeopleDao.m in Sources */ = {isa = PBXBuildFile; fileRef = 831E765A19615AD700CE6938 /* ZYContactPeopleDao.m */; };
		831E765E1961614500CE6938 /* ZYContactPeopleService.m in Sources */ = {isa = PBXBuildFile; fileRef = 831E765D1961614500CE6938 /* ZYContactPeopleService.m */; };
		831E76651961675E00CE6938 /* pinyin.c in Sources */ = {isa = PBXBuildFile; fileRef = 831E76631961675E00CE6938 /* pinyin.c */; };
		83203DD5195A61AB00AE3849 /* ZYHttpRequest.m in Sources */ = {isa = PBXBuildFile; fileRef = 83203DD4195A61AB00AE3849 /* ZYHttpRequest.m */; };
		83530E49195BEB3C004966A7 /* ZYLoadingViewController.m in Sources */ = {isa = PBXBuildFile; fileRef = 83530E47195BEB3C004966A7 /* ZYLoadingViewController.m */; };
		83530E4A195BEB3C004966A7 /* ZYLoadingView.xib in Resources */ = {isa = PBXBuildFile; fileRef = 83530E48195BEB3C004966A7 /* ZYLoadingView.xib */; };
		8359AF2C195981F100519EF7 /* Foundation.framework in Frameworks */ = {isa = PBXBuildFile; fileRef = 8359AF2B195981F100519EF7 /* Foundation.framework */; };
		8359AF30195981F100519EF7 /* UIKit.framework in Frameworks */ = {isa = PBXBuildFile; fileRef = 8359AF2F195981F100519EF7 /* UIKit.framework */; };
		8359AF36195981F100519EF7 /* InfoPlist.strings in Resources */ = {isa = PBXBuildFile; fileRef = 8359AF34195981F100519EF7 /* InfoPlist.strings */; };
		8359AF38195981F100519EF7 /* main.m in Sources */ = {isa = PBXBuildFile; fileRef = 8359AF37195981F100519EF7 /* main.m */; };
		8359AF3C195981F100519EF7 /* ZYAppDelegate.m in Sources */ = {isa = PBXBuildFile; fileRef = 8359AF3B195981F100519EF7 /* ZYAppDelegate.m */; };
		8359AF3E195981F100519EF7 /* Images.xcassets in Resources */ = {isa = PBXBuildFile; fileRef = 8359AF3D195981F100519EF7 /* Images.xcassets */; };
		8359AF45195981F100519EF7 /* XCTest.framework in Frameworks */ = {isa = PBXBuildFile; fileRef = 8359AF44195981F100519EF7 /* XCTest.framework */; };
		8359AF46195981F100519EF7 /* Foundation.framework in Frameworks */ = {isa = PBXBuildFile; fileRef = 8359AF2B195981F100519EF7 /* Foundation.framework */; };
		8359AF47195981F100519EF7 /* UIKit.framework in Frameworks */ = {isa = PBXBuildFile; fileRef = 8359AF2F195981F100519EF7 /* UIKit.framework */; };
		8359AF4F195981F100519EF7 /* InfoPlist.strings in Resources */ = {isa = PBXBuildFile; fileRef = 8359AF4D195981F100519EF7 /* InfoPlist.strings */; };
		8359AF51195981F100519EF7 /* ZYAddressbookTests.m in Sources */ = {isa = PBXBuildFile; fileRef = 8359AF50195981F100519EF7 /* ZYAddressbookTests.m */; };
		83A02D84195BFF1B0098FD58 /* ZYNoticeViewController.m in Sources */ = {isa = PBXBuildFile; fileRef = 83A02D82195BFF1B0098FD58 /* ZYNoticeViewController.m */; };
		83A02D85195BFF1B0098FD58 /* ZYNoticeView.xib in Resources */ = {isa = PBXBuildFile; fileRef = 83A02D83195BFF1B0098FD58 /* ZYNoticeView.xib */; };
		83C982BA195AA9F9005E9905 /* ZYSignInViewController.m in Sources */ = {isa = PBXBuildFile; fileRef = 83C982B9195AA9F9005E9905 /* ZYSignInViewController.m */; };
		83F69ECF195EBB5400B38519 /* ZYContactsViewController.m in Sources */ = {isa = PBXBuildFile; fileRef = 83F69ECE195EBB5400B38519 /* ZYContactsViewController.m */; };
		ED5AF436195FC2C70076FD0B /* ZYNSMutableDictionary.m in Sources */ = {isa = PBXBuildFile; fileRef = ED5AF435195FC2C70076FD0B /* ZYNSMutableDictionary.m */; };
		ED5AF43B195FF2430076FD0B /* ZYContactPeople.m in Sources */ = {isa = PBXBuildFile; fileRef = ED5AF43A195FF2430076FD0B /* ZYContactPeople.m */; };
		ED5AF43E195FF4500076FD0B /* ZYContactInfo.m in Sources */ = {isa = PBXBuildFile; fileRef = ED5AF43D195FF4500076FD0B /* ZYContactInfo.m */; };
		ED5AF440195FFFA40076FD0B /* AddressBook.framework in Frameworks */ = {isa = PBXBuildFile; fileRef = ED5AF43F195FFFA40076FD0B /* AddressBook.framework */; };
		ED828BF1195D11290010C301 /* ZYMenuViewController.m in Sources */ = {isa = PBXBuildFile; fileRef = ED828BF0195D11290010C301 /* ZYMenuViewController.m */; };
		ED9A78FD195983CF0016A739 /* Main.storyboard in Resources */ = {isa = PBXBuildFile; fileRef = ED9A78FC195983CF0016A739 /* Main.storyboard */; };
		ED9A7902195A7C330016A739 /* ZYUserDao.m in Sources */ = {isa = PBXBuildFile; fileRef = ED9A7901195A7C330016A739 /* ZYUserDao.m */; };
		ED9A7905195A7CD70016A739 /* ZYUser.m in Sources */ = {isa = PBXBuildFile; fileRef = ED9A7904195A7CD70016A739 /* ZYUser.m */; };
		ED9A7908195A7FAF0016A739 /* ZYUserService.m in Sources */ = {isa = PBXBuildFile; fileRef = ED9A7907195A7FAF0016A739 /* ZYUserService.m */; };
		EDFC905C195D433800DC902A /* ZYMenuViewCell.m in Sources */ = {isa = PBXBuildFile; fileRef = EDFC905B195D433800DC902A /* ZYMenuViewCell.m */; };
		EDFC905E195D437A00DC902A /* QuartzCore.framework in Frameworks */ = {isa = PBXBuildFile; fileRef = EDFC905D195D437A00DC902A /* QuartzCore.framework */; };
/* End PBXBuildFile section */

/* Begin PBXContainerItemProxy section */
		8359AF48195981F100519EF7 /* PBXContainerItemProxy */ = {
			isa = PBXContainerItemProxy;
			containerPortal = 8359AF20195981F100519EF7 /* Project object */;
			proxyType = 1;
			remoteGlobalIDString = 8359AF27195981F100519EF7;
			remoteInfo = ZYAddressbook;
		};
/* End PBXContainerItemProxy section */

/* Begin PBXFileReference section */
		8318363B1960F77C0098C82F /* NSString+NSStringExtension.h */ = {isa = PBXFileReference; fileEncoding = 4; lastKnownFileType = sourcecode.c.h; path = "NSString+NSStringExtension.h"; sourceTree = "<group>"; };
		8318363C1960F77C0098C82F /* NSString+NSStringExtension.m */ = {isa = PBXFileReference; fileEncoding = 4; lastKnownFileType = sourcecode.c.objc; path = "NSString+NSStringExtension.m"; sourceTree = "<group>"; };
		831E765919615AD700CE6938 /* ZYContactPeopleDao.h */ = {isa = PBXFileReference; fileEncoding = 4; lastKnownFileType = sourcecode.c.h; path = ZYContactPeopleDao.h; sourceTree = "<group>"; };
		831E765A19615AD700CE6938 /* ZYContactPeopleDao.m */ = {isa = PBXFileReference; fileEncoding = 4; lastKnownFileType = sourcecode.c.objc; path = ZYContactPeopleDao.m; sourceTree = "<group>"; };
		831E765C1961614500CE6938 /* ZYContactPeopleService.h */ = {isa = PBXFileReference; fileEncoding = 4; lastKnownFileType = sourcecode.c.h; path = ZYContactPeopleService.h; sourceTree = "<group>"; };
		831E765D1961614500CE6938 /* ZYContactPeopleService.m */ = {isa = PBXFileReference; fileEncoding = 4; lastKnownFileType = sourcecode.c.objc; path = ZYContactPeopleService.m; sourceTree = "<group>"; };
		831E76631961675E00CE6938 /* pinyin.c */ = {isa = PBXFileReference; fileEncoding = 4; lastKnownFileType = sourcecode.c.c; path = pinyin.c; sourceTree = "<group>"; };
		831E76641961675E00CE6938 /* pinyin.h */ = {isa = PBXFileReference; fileEncoding = 4; lastKnownFileType = sourcecode.c.h; path = pinyin.h; sourceTree = "<group>"; };
		83203DD3195A61AB00AE3849 /* ZYHttpRequest.h */ = {isa = PBXFileReference; fileEncoding = 4; lastKnownFileType = sourcecode.c.h; path = ZYHttpRequest.h; sourceTree = "<group>"; };
		83203DD4195A61AB00AE3849 /* ZYHttpRequest.m */ = {isa = PBXFileReference; fileEncoding = 4; lastKnownFileType = sourcecode.c.objc; path = ZYHttpRequest.m; sourceTree = "<group>"; };
		83203DD8195A641300AE3849 /* ZYHttpResponseDelegate.h */ = {isa = PBXFileReference; lastKnownFileType = sourcecode.c.h; path = ZYHttpResponseDelegate.h; sourceTree = "<group>"; };
		83530E46195BEB3C004966A7 /* ZYLoadingViewController.h */ = {isa = PBXFileReference; fileEncoding = 4; lastKnownFileType = sourcecode.c.h; path = ZYLoadingViewController.h; sourceTree = "<group>"; };
		83530E47195BEB3C004966A7 /* ZYLoadingViewController.m */ = {isa = PBXFileReference; fileEncoding = 4; lastKnownFileType = sourcecode.c.objc; path = ZYLoadingViewController.m; sourceTree = "<group>"; };
		83530E48195BEB3C004966A7 /* ZYLoadingView.xib */ = {isa = PBXFileReference; fileEncoding = 4; lastKnownFileType = file.xib; path = ZYLoadingView.xib; sourceTree = "<group>"; };
		8359AF28195981F100519EF7 /* ZYAddressbook.app */ = {isa = PBXFileReference; explicitFileType = wrapper.application; includeInIndex = 0; path = ZYAddressbook.app; sourceTree = BUILT_PRODUCTS_DIR; };
		8359AF2B195981F100519EF7 /* Foundation.framework */ = {isa = PBXFileReference; lastKnownFileType = wrapper.framework; name = Foundation.framework; path = System/Library/Frameworks/Foundation.framework; sourceTree = SDKROOT; };
		8359AF2F195981F100519EF7 /* UIKit.framework */ = {isa = PBXFileReference; lastKnownFileType = wrapper.framework; name = UIKit.framework; path = System/Library/Frameworks/UIKit.framework; sourceTree = SDKROOT; };
		8359AF33195981F100519EF7 /* ZYAddressbook-Info.plist */ = {isa = PBXFileReference; lastKnownFileType = text.plist.xml; path = "ZYAddressbook-Info.plist"; sourceTree = "<group>"; };
		8359AF35195981F100519EF7 /* en */ = {isa = PBXFileReference; lastKnownFileType = text.plist.strings; name = en; path = en.lproj/InfoPlist.strings; sourceTree = "<group>"; };
		8359AF37195981F100519EF7 /* main.m */ = {isa = PBXFileReference; lastKnownFileType = sourcecode.c.objc; path = main.m; sourceTree = "<group>"; };
		8359AF39195981F100519EF7 /* ZYAddressbook-Prefix.pch */ = {isa = PBXFileReference; lastKnownFileType = sourcecode.c.h; path = "ZYAddressbook-Prefix.pch"; sourceTree = "<group>"; };
		8359AF3A195981F100519EF7 /* ZYAppDelegate.h */ = {isa = PBXFileReference; lastKnownFileType = sourcecode.c.h; path = ZYAppDelegate.h; sourceTree = "<group>"; };
		8359AF3B195981F100519EF7 /* ZYAppDelegate.m */ = {isa = PBXFileReference; lastKnownFileType = sourcecode.c.objc; path = ZYAppDelegate.m; sourceTree = "<group>"; };
		8359AF3D195981F100519EF7 /* Images.xcassets */ = {isa = PBXFileReference; lastKnownFileType = folder.assetcatalog; path = Images.xcassets; sourceTree = "<group>"; };
		8359AF43195981F100519EF7 /* ZYAddressbookTests.xctest */ = {isa = PBXFileReference; explicitFileType = wrapper.cfbundle; includeInIndex = 0; path = ZYAddressbookTests.xctest; sourceTree = BUILT_PRODUCTS_DIR; };
		8359AF44195981F100519EF7 /* XCTest.framework */ = {isa = PBXFileReference; lastKnownFileType = wrapper.framework; name = XCTest.framework; path = Library/Frameworks/XCTest.framework; sourceTree = DEVELOPER_DIR; };
		8359AF4C195981F100519EF7 /* ZYAddressbookTests-Info.plist */ = {isa = PBXFileReference; lastKnownFileType = text.plist.xml; path = "ZYAddressbookTests-Info.plist"; sourceTree = "<group>"; };
		8359AF4E195981F100519EF7 /* en */ = {isa = PBXFileReference; lastKnownFileType = text.plist.strings; name = en; path = en.lproj/InfoPlist.strings; sourceTree = "<group>"; };
		8359AF50195981F100519EF7 /* ZYAddressbookTests.m */ = {isa = PBXFileReference; lastKnownFileType = sourcecode.c.objc; path = ZYAddressbookTests.m; sourceTree = "<group>"; };
		83A02D81195BFF1B0098FD58 /* ZYNoticeViewController.h */ = {isa = PBXFileReference; fileEncoding = 4; lastKnownFileType = sourcecode.c.h; path = ZYNoticeViewController.h; sourceTree = "<group>"; };
		83A02D82195BFF1B0098FD58 /* ZYNoticeViewController.m */ = {isa = PBXFileReference; fileEncoding = 4; lastKnownFileType = sourcecode.c.objc; path = ZYNoticeViewController.m; sourceTree = "<group>"; };
		83A02D83195BFF1B0098FD58 /* ZYNoticeView.xib */ = {isa = PBXFileReference; fileEncoding = 4; lastKnownFileType = file.xib; path = ZYNoticeView.xib; sourceTree = "<group>"; };
		83C982B8195AA9F9005E9905 /* ZYSignInViewController.h */ = {isa = PBXFileReference; fileEncoding = 4; lastKnownFileType = sourcecode.c.h; path = ZYSignInViewController.h; sourceTree = "<group>"; };
		83C982B9195AA9F9005E9905 /* ZYSignInViewController.m */ = {isa = PBXFileReference; fileEncoding = 4; lastKnownFileType = sourcecode.c.objc; path = ZYSignInViewController.m; sourceTree = "<group>"; };
		83F69ECD195EBB5400B38519 /* ZYContactsViewController.h */ = {isa = PBXFileReference; fileEncoding = 4; lastKnownFileType = sourcecode.c.h; path = ZYContactsViewController.h; sourceTree = "<group>"; };
		83F69ECE195EBB5400B38519 /* ZYContactsViewController.m */ = {isa = PBXFileReference; fileEncoding = 4; lastKnownFileType = sourcecode.c.objc; path = ZYContactsViewController.m; sourceTree = "<group>"; };
		ED5AF434195FC2C70076FD0B /* ZYNSMutableDictionary.h */ = {isa = PBXFileReference; fileEncoding = 4; lastKnownFileType = sourcecode.c.h; path = ZYNSMutableDictionary.h; sourceTree = "<group>"; };
		ED5AF435195FC2C70076FD0B /* ZYNSMutableDictionary.m */ = {isa = PBXFileReference; fileEncoding = 4; lastKnownFileType = sourcecode.c.objc; path = ZYNSMutableDictionary.m; sourceTree = "<group>"; };
		ED5AF439195FF2430076FD0B /* ZYContactPeople.h */ = {isa = PBXFileReference; fileEncoding = 4; lastKnownFileType = sourcecode.c.h; path = ZYContactPeople.h; sourceTree = "<group>"; };
		ED5AF43A195FF2430076FD0B /* ZYContactPeople.m */ = {isa = PBXFileReference; fileEncoding = 4; lastKnownFileType = sourcecode.c.objc; path = ZYContactPeople.m; sourceTree = "<group>"; };
		ED5AF43C195FF4500076FD0B /* ZYContactInfo.h */ = {isa = PBXFileReference; fileEncoding = 4; lastKnownFileType = sourcecode.c.h; path = ZYContactInfo.h; sourceTree = "<group>"; };
		ED5AF43D195FF4500076FD0B /* ZYContactInfo.m */ = {isa = PBXFileReference; fileEncoding = 4; lastKnownFileType = sourcecode.c.objc; path = ZYContactInfo.m; sourceTree = "<group>"; };
		ED5AF43F195FFFA40076FD0B /* AddressBook.framework */ = {isa = PBXFileReference; lastKnownFileType = wrapper.framework; name = AddressBook.framework; path = System/Library/Frameworks/AddressBook.framework; sourceTree = SDKROOT; };
		ED828BEF195D11290010C301 /* ZYMenuViewController.h */ = {isa = PBXFileReference; fileEncoding = 4; lastKnownFileType = sourcecode.c.h; path = ZYMenuViewController.h; sourceTree = "<group>"; };
		ED828BF0195D11290010C301 /* ZYMenuViewController.m */ = {isa = PBXFileReference; fileEncoding = 4; lastKnownFileType = sourcecode.c.objc; path = ZYMenuViewController.m; sourceTree = "<group>"; };
		ED9A78FC195983CF0016A739 /* Main.storyboard */ = {isa = PBXFileReference; fileEncoding = 4; lastKnownFileType = file.storyboard; path = Main.storyboard; sourceTree = "<group>"; };
		ED9A78FF195A7A9B0016A739 /* ZYDaoDelegate.h */ = {isa = PBXFileReference; lastKnownFileType = sourcecode.c.h; path = ZYDaoDelegate.h; sourceTree = "<group>"; };
		ED9A7900195A7C330016A739 /* ZYUserDao.h */ = {isa = PBXFileReference; fileEncoding = 4; lastKnownFileType = sourcecode.c.h; path = ZYUserDao.h; sourceTree = "<group>"; };
		ED9A7901195A7C330016A739 /* ZYUserDao.m */ = {isa = PBXFileReference; fileEncoding = 4; lastKnownFileType = sourcecode.c.objc; path = ZYUserDao.m; sourceTree = "<group>"; };
		ED9A7903195A7CD70016A739 /* ZYUser.h */ = {isa = PBXFileReference; fileEncoding = 4; lastKnownFileType = sourcecode.c.h; path = ZYUser.h; sourceTree = "<group>"; };
		ED9A7904195A7CD70016A739 /* ZYUser.m */ = {isa = PBXFileReference; fileEncoding = 4; lastKnownFileType = sourcecode.c.objc; path = ZYUser.m; sourceTree = "<group>"; };
		ED9A7906195A7FAF0016A739 /* ZYUserService.h */ = {isa = PBXFileReference; fileEncoding = 4; lastKnownFileType = sourcecode.c.h; path = ZYUserService.h; sourceTree = "<group>"; };
		ED9A7907195A7FAF0016A739 /* ZYUserService.m */ = {isa = PBXFileReference; fileEncoding = 4; lastKnownFileType = sourcecode.c.objc; path = ZYUserService.m; sourceTree = "<group>"; };
		ED9A7909195A805D0016A739 /* ZYServiceDelegate.h */ = {isa = PBXFileReference; lastKnownFileType = sourcecode.c.h; path = ZYServiceDelegate.h; sourceTree = "<group>"; };
		EDFC905A195D433800DC902A /* ZYMenuViewCell.h */ = {isa = PBXFileReference; fileEncoding = 4; lastKnownFileType = sourcecode.c.h; path = ZYMenuViewCell.h; sourceTree = "<group>"; };
		EDFC905B195D433800DC902A /* ZYMenuViewCell.m */ = {isa = PBXFileReference; fileEncoding = 4; lastKnownFileType = sourcecode.c.objc; path = ZYMenuViewCell.m; sourceTree = "<group>"; };
		EDFC905D195D437A00DC902A /* QuartzCore.framework */ = {isa = PBXFileReference; lastKnownFileType = wrapper.framework; name = QuartzCore.framework; path = System/Library/Frameworks/QuartzCore.framework; sourceTree = SDKROOT; };
/* End PBXFileReference section */

/* Begin PBXFrameworksBuildPhase section */
		8359AF25195981F100519EF7 /* Frameworks */ = {
			isa = PBXFrameworksBuildPhase;
			buildActionMask = 2147483647;
			files = (
				ED5AF440195FFFA40076FD0B /* AddressBook.framework in Frameworks */,
				EDFC905E195D437A00DC902A /* QuartzCore.framework in Frameworks */,
				8359AF30195981F100519EF7 /* UIKit.framework in Frameworks */,
				8359AF2C195981F100519EF7 /* Foundation.framework in Frameworks */,
			);
			runOnlyForDeploymentPostprocessing = 0;
		};
		8359AF40195981F100519EF7 /* Frameworks */ = {
			isa = PBXFrameworksBuildPhase;
			buildActionMask = 2147483647;
			files = (
				8359AF45195981F100519EF7 /* XCTest.framework in Frameworks */,
				8359AF47195981F100519EF7 /* UIKit.framework in Frameworks */,
				8359AF46195981F100519EF7 /* Foundation.framework in Frameworks */,
			);
			runOnlyForDeploymentPostprocessing = 0;
		};
/* End PBXFrameworksBuildPhase section */

/* Begin PBXGroup section */
		831E76621961672E00CE6938 /* ZYPinyin */ = {
			isa = PBXGroup;
			children = (
				831E76631961675E00CE6938 /* pinyin.c */,
				831E76641961675E00CE6938 /* pinyin.h */,
			);
			name = ZYPinyin;
			sourceTree = "<group>";
		};
		83203DCE195A5EE900AE3849 /* View */ = {
			isa = PBXGroup;
			children = (
			);
			name = View;
			sourceTree = "<group>";
		};
		83203DCF195A5EEF00AE3849 /* Dao */ = {
			isa = PBXGroup;
			children = (
				ED9A78FF195A7A9B0016A739 /* ZYDaoDelegate.h */,
				ED9A7900195A7C330016A739 /* ZYUserDao.h */,
				ED9A7901195A7C330016A739 /* ZYUserDao.m */,
				831E765919615AD700CE6938 /* ZYContactPeopleDao.h */,
				831E765A19615AD700CE6938 /* ZYContactPeopleDao.m */,
			);
			name = Dao;
			sourceTree = "<group>";
		};
		83203DD0195A5EF500AE3849 /* Service */ = {
			isa = PBXGroup;
			children = (
				ED9A7906195A7FAF0016A739 /* ZYUserService.h */,
				ED9A7907195A7FAF0016A739 /* ZYUserService.m */,
				ED9A7909195A805D0016A739 /* ZYServiceDelegate.h */,
				831E765C1961614500CE6938 /* ZYContactPeopleService.h */,
				831E765D1961614500CE6938 /* ZYContactPeopleService.m */,
			);
			name = Service;
			sourceTree = "<group>";
		};
		83203DD1195A5EFC00AE3849 /* Model */ = {
			isa = PBXGroup;
			children = (
				ED5AF438195FF1E90076FD0B /* ZYContacts */,
				ED9A7903195A7CD70016A739 /* ZYUser.h */,
				ED9A7904195A7CD70016A739 /* ZYUser.m */,
			);
			name = Model;
			sourceTree = "<group>";
		};
		83203DD2195A5F0000AE3849 /* Extension */ = {
			isa = PBXGroup;
			children = (
				ED5AF434195FC2C70076FD0B /* ZYNSMutableDictionary.h */,
				ED5AF435195FC2C70076FD0B /* ZYNSMutableDictionary.m */,
				8318363B1960F77C0098C82F /* NSString+NSStringExtension.h */,
				8318363C1960F77C0098C82F /* NSString+NSStringExtension.m */,
			);
			name = Extension;
			sourceTree = "<group>";
		};
		83203DD6195A630100AE3849 /* Util */ = {
			isa = PBXGroup;
			children = (
				831E76621961672E00CE6938 /* ZYPinyin */,
				ED5AF437195FF1C50076FD0B /* ZYHttpRequest */,
				83EC5B48195D10D100A1610D /* ZYNotice */,
				83EC5B47195D10B600A1610D /* ZYLoading */,
			);
			name = Util;
			sourceTree = "<group>";
		};
		8359AF1F195981F100519EF7 = {
			isa = PBXGroup;
			children = (
				8359AF31195981F100519EF7 /* ZYAddressbook */,
				8359AF4A195981F100519EF7 /* ZYAddressbookTests */,
				8359AF2A195981F100519EF7 /* Frameworks */,
				8359AF29195981F100519EF7 /* Products */,
			);
			sourceTree = "<group>";
		};
		8359AF29195981F100519EF7 /* Products */ = {
			isa = PBXGroup;
			children = (
				8359AF28195981F100519EF7 /* ZYAddressbook.app */,
				8359AF43195981F100519EF7 /* ZYAddressbookTests.xctest */,
			);
			name = Products;
			sourceTree = "<group>";
		};
		8359AF2A195981F100519EF7 /* Frameworks */ = {
			isa = PBXGroup;
			children = (
				ED5AF43F195FFFA40076FD0B /* AddressBook.framework */,
				EDFC905D195D437A00DC902A /* QuartzCore.framework */,
				8359AF2B195981F100519EF7 /* Foundation.framework */,
				8359AF2F195981F100519EF7 /* UIKit.framework */,
				8359AF44195981F100519EF7 /* XCTest.framework */,
			);
			name = Frameworks;
			sourceTree = "<group>";
		};
		8359AF31195981F100519EF7 /* ZYAddressbook */ = {
			isa = PBXGroup;
			children = (
				ED9A790B195AC6840016A739 /* Third */,
				83203DD6195A630100AE3849 /* Util */,
				83203DD2195A5F0000AE3849 /* Extension */,
				83203DD0195A5EF500AE3849 /* Service */,
				83203DCF195A5EEF00AE3849 /* Dao */,
				83203DCE195A5EE900AE3849 /* View */,
				ED9A78FE19598B680016A739 /* Controller */,
				83203DD1195A5EFC00AE3849 /* Model */,
				8359AF3A195981F100519EF7 /* ZYAppDelegate.h */,
				8359AF3B195981F100519EF7 /* ZYAppDelegate.m */,
				8359AF3D195981F100519EF7 /* Images.xcassets */,
				8359AF32195981F100519EF7 /* Supporting Files */,
				ED9A78FC195983CF0016A739 /* Main.storyboard */,
			);
			path = ZYAddressbook;
			sourceTree = "<group>";
		};
		8359AF32195981F100519EF7 /* Supporting Files */ = {
			isa = PBXGroup;
			children = (
				8359AF33195981F100519EF7 /* ZYAddressbook-Info.plist */,
				8359AF34195981F100519EF7 /* InfoPlist.strings */,
				8359AF37195981F100519EF7 /* main.m */,
				8359AF39195981F100519EF7 /* ZYAddressbook-Prefix.pch */,
			);
			name = "Supporting Files";
			sourceTree = "<group>";
		};
		8359AF4A195981F100519EF7 /* ZYAddressbookTests */ = {
			isa = PBXGroup;
			children = (
				8359AF50195981F100519EF7 /* ZYAddressbookTests.m */,
				8359AF4B195981F100519EF7 /* Supporting Files */,
			);
			path = ZYAddressbookTests;
			sourceTree = "<group>";
		};
		8359AF4B195981F100519EF7 /* Supporting Files */ = {
			isa = PBXGroup;
			children = (
				8359AF4C195981F100519EF7 /* ZYAddressbookTests-Info.plist */,
				8359AF4D195981F100519EF7 /* InfoPlist.strings */,
			);
			name = "Supporting Files";
			sourceTree = "<group>";
		};
		83EC5B47195D10B600A1610D /* ZYLoading */ = {
			isa = PBXGroup;
			children = (
				83530E46195BEB3C004966A7 /* ZYLoadingViewController.h */,
				83530E47195BEB3C004966A7 /* ZYLoadingViewController.m */,
				83530E48195BEB3C004966A7 /* ZYLoadingView.xib */,
			);
			name = ZYLoading;
			sourceTree = "<group>";
		};
		83EC5B48195D10D100A1610D /* ZYNotice */ = {
			isa = PBXGroup;
			children = (
				83A02D81195BFF1B0098FD58 /* ZYNoticeViewController.h */,
				83A02D82195BFF1B0098FD58 /* ZYNoticeViewController.m */,
				83A02D83195BFF1B0098FD58 /* ZYNoticeView.xib */,
			);
			name = ZYNotice;
			sourceTree = "<group>";
		};
		ED5AF437195FF1C50076FD0B /* ZYHttpRequest */ = {
			isa = PBXGroup;
			children = (
				83203DD3195A61AB00AE3849 /* ZYHttpRequest.h */,
				83203DD4195A61AB00AE3849 /* ZYHttpRequest.m */,
				83203DD8195A641300AE3849 /* ZYHttpResponseDelegate.h */,
			);
			name = ZYHttpRequest;
			sourceTree = "<group>";
		};
		ED5AF438195FF1E90076FD0B /* ZYContacts */ = {
			isa = PBXGroup;
			children = (
				ED5AF439195FF2430076FD0B /* ZYContactPeople.h */,
				ED5AF43A195FF2430076FD0B /* ZYContactPeople.m */,
				ED5AF43C195FF4500076FD0B /* ZYContactInfo.h */,
				ED5AF43D195FF4500076FD0B /* ZYContactInfo.m */,
			);
			name = ZYContacts;
			sourceTree = "<group>";
		};
		ED9A78FE19598B680016A739 /* Controller */ = {
			isa = PBXGroup;
			children = (
				83C982B8195AA9F9005E9905 /* ZYSignInViewController.h */,
				83C982B9195AA9F9005E9905 /* ZYSignInViewController.m */,
				ED828BEF195D11290010C301 /* ZYMenuViewController.h */,
				ED828BF0195D11290010C301 /* ZYMenuViewController.m */,
				EDFC905A195D433800DC902A /* ZYMenuViewCell.h */,
				EDFC905B195D433800DC902A /* ZYMenuViewCell.m */,
				83F69ECD195EBB5400B38519 /* ZYContactsViewController.h */,
				83F69ECE195EBB5400B38519 /* ZYContactsViewController.m */,
			);
			name = Controller;
			sourceTree = "<group>";
		};
		ED9A790B195AC6840016A739 /* Third */ = {
			isa = PBXGroup;
			children = (
			);
			name = Third;
			sourceTree = "<group>";
		};
/* End PBXGroup section */

/* Begin PBXNativeTarget section */
		8359AF27195981F100519EF7 /* ZYAddressbook */ = {
			isa = PBXNativeTarget;
			buildConfigurationList = 8359AF54195981F100519EF7 /* Build configuration list for PBXNativeTarget "ZYAddressbook" */;
			buildPhases = (
				8359AF24195981F100519EF7 /* Sources */,
				8359AF26195981F100519EF7 /* Resources */,
				8359AF25195981F100519EF7 /* Frameworks */,
			);
			buildRules = (
			);
			dependencies = (
			);
			name = ZYAddressbook;
			productName = ZYAddressbook;
			productReference = 8359AF28195981F100519EF7 /* ZYAddressbook.app */;
			productType = "com.apple.product-type.application";
		};
		8359AF42195981F100519EF7 /* ZYAddressbookTests */ = {
			isa = PBXNativeTarget;
			buildConfigurationList = 8359AF57195981F100519EF7 /* Build configuration list for PBXNativeTarget "ZYAddressbookTests" */;
			buildPhases = (
				8359AF3F195981F100519EF7 /* Sources */,
				8359AF40195981F100519EF7 /* Frameworks */,
				8359AF41195981F100519EF7 /* Resources */,
			);
			buildRules = (
			);
			dependencies = (
				8359AF49195981F100519EF7 /* PBXTargetDependency */,
			);
			name = ZYAddressbookTests;
			productName = ZYAddressbookTests;
			productReference = 8359AF43195981F100519EF7 /* ZYAddressbookTests.xctest */;
			productType = "com.apple.product-type.bundle.unit-test";
		};
/* End PBXNativeTarget section */

/* Begin PBXProject section */
		8359AF20195981F100519EF7 /* Project object */ = {
			isa = PBXProject;
			attributes = {
				CLASSPREFIX = ZY;
				LastUpgradeCheck = 0510;
				ORGANIZATIONNAME = zy;
				TargetAttributes = {
					8359AF42195981F100519EF7 = {
						TestTargetID = 8359AF27195981F100519EF7;
					};
				};
			};
			buildConfigurationList = 8359AF23195981F100519EF7 /* Build configuration list for PBXProject "ZYAddressbook" */;
			compatibilityVersion = "Xcode 3.2";
			developmentRegion = English;
			hasScannedForEncodings = 0;
			knownRegions = (
				en,
			);
			mainGroup = 8359AF1F195981F100519EF7;
			productRefGroup = 8359AF29195981F100519EF7 /* Products */;
			projectDirPath = "";
			projectRoot = "";
			targets = (
				8359AF27195981F100519EF7 /* ZYAddressbook */,
				8359AF42195981F100519EF7 /* ZYAddressbookTests */,
			);
		};
/* End PBXProject section */

/* Begin PBXResourcesBuildPhase section */
		8359AF26195981F100519EF7 /* Resources */ = {
			isa = PBXResourcesBuildPhase;
			buildActionMask = 2147483647;
			files = (
				83530E4A195BEB3C004966A7 /* ZYLoadingView.xib in Resources */,
				ED9A78FD195983CF0016A739 /* Main.storyboard in Resources */,
				83A02D85195BFF1B0098FD58 /* ZYNoticeView.xib in Resources */,
				8359AF36195981F100519EF7 /* InfoPlist.strings in Resources */,
				8359AF3E195981F100519EF7 /* Images.xcassets in Resources */,
			);
			runOnlyForDeploymentPostprocessing = 0;
		};
		8359AF41195981F100519EF7 /* Resources */ = {
			isa = PBXResourcesBuildPhase;
			buildActionMask = 2147483647;
			files = (
				8359AF4F195981F100519EF7 /* InfoPlist.strings in Resources */,
			);
			runOnlyForDeploymentPostprocessing = 0;
		};
/* End PBXResourcesBuildPhase section */

/* Begin PBXSourcesBuildPhase section */
		8359AF24195981F100519EF7 /* Sources */ = {
			isa = PBXSourcesBuildPhase;
			buildActionMask = 2147483647;
			files = (
				83203DD5195A61AB00AE3849 /* ZYHttpRequest.m in Sources */,
				831E76651961675E00CE6938 /* pinyin.c in Sources */,
				8359AF38195981F100519EF7 /* main.m in Sources */,
				EDFC905C195D433800DC902A /* ZYMenuViewCell.m in Sources */,
				83A02D84195BFF1B0098FD58 /* ZYNoticeViewController.m in Sources */,
				831E765E1961614500CE6938 /* ZYContactPeopleService.m in Sources */,
				831E765B19615AD700CE6938 /* ZYContactPeopleDao.m in Sources */,
				ED9A7905195A7CD70016A739 /* ZYUser.m in Sources */,
				ED828BF1195D11290010C301 /* ZYMenuViewController.m in Sources */,
				ED5AF436195FC2C70076FD0B /* ZYNSMutableDictionary.m in Sources */,
				83F69ECF195EBB5400B38519 /* ZYContactsViewController.m in Sources */,
				ED9A7902195A7C330016A739 /* ZYUserDao.m in Sources */,
				83530E49195BEB3C004966A7 /* ZYLoadingViewController.m in Sources */,
				ED5AF43E195FF4500076FD0B /* ZYContactInfo.m in Sources */,
				ED5AF43B195FF2430076FD0B /* ZYContactPeople.m in Sources */,
				83C982BA195AA9F9005E9905 /* ZYSignInViewController.m in Sources */,
				8359AF3C195981F100519EF7 /* ZYAppDelegate.m in Sources */,
				ED9A7908195A7FAF0016A739 /* ZYUserService.m in Sources */,
				8318363D1960F77C0098C82F /* NSString+NSStringExtension.m in Sources */,
			);
			runOnlyForDeploymentPostprocessing = 0;
		};
		8359AF3F195981F100519EF7 /* Sources */ = {
			isa = PBXSourcesBuildPhase;
			buildActionMask = 2147483647;
			files = (
				8359AF51195981F100519EF7 /* ZYAddressbookTests.m in Sources */,
			);
			runOnlyForDeploymentPostprocessing = 0;
		};
/* End PBXSourcesBuildPhase section */

/* Begin PBXTargetDependency section */
		8359AF49195981F100519EF7 /* PBXTargetDependency */ = {
			isa = PBXTargetDependency;
			target = 8359AF27195981F100519EF7 /* ZYAddressbook */;
			targetProxy = 8359AF48195981F100519EF7 /* PBXContainerItemProxy */;
		};
/* End PBXTargetDependency section */

/* Begin PBXVariantGroup section */
		8359AF34195981F100519EF7 /* InfoPlist.strings */ = {
			isa = PBXVariantGroup;
			children = (
				8359AF35195981F100519EF7 /* en */,
			);
			name = InfoPlist.strings;
			sourceTree = "<group>";
		};
		8359AF4D195981F100519EF7 /* InfoPlist.strings */ = {
			isa = PBXVariantGroup;
			children = (
				8359AF4E195981F100519EF7 /* en */,
			);
			name = InfoPlist.strings;
			sourceTree = "<group>";
		};
/* End PBXVariantGroup section */

/* Begin XCBuildConfiguration section */
		8359AF52195981F100519EF7 /* Debug */ = {
			isa = XCBuildConfiguration;
			buildSettings = {
				ALWAYS_SEARCH_USER_PATHS = NO;
				CLANG_CXX_LANGUAGE_STANDARD = "gnu++0x";
				CLANG_CXX_LIBRARY = "libc++";
				CLANG_ENABLE_MODULES = YES;
				CLANG_ENABLE_OBJC_ARC = YES;
				CLANG_WARN_BOOL_CONVERSION = YES;
				CLANG_WARN_CONSTANT_CONVERSION = YES;
				CLANG_WARN_DIRECT_OBJC_ISA_USAGE = YES_ERROR;
				CLANG_WARN_EMPTY_BODY = YES;
				CLANG_WARN_ENUM_CONVERSION = YES;
				CLANG_WARN_INT_CONVERSION = YES;
				CLANG_WARN_OBJC_ROOT_CLASS = YES_ERROR;
				CLANG_WARN__DUPLICATE_METHOD_MATCH = YES;
				"CODE_SIGN_IDENTITY[sdk=iphoneos*]" = "iPhone Developer";
				COPY_PHASE_STRIP = NO;
				GCC_C_LANGUAGE_STANDARD = gnu99;
				GCC_DYNAMIC_NO_PIC = NO;
				GCC_OPTIMIZATION_LEVEL = 0;
				GCC_PREPROCESSOR_DEFINITIONS = (
					"DEBUG=1",
					"$(inherited)",
				);
				GCC_SYMBOLS_PRIVATE_EXTERN = NO;
				GCC_WARN_64_TO_32_BIT_CONVERSION = YES;
				GCC_WARN_ABOUT_RETURN_TYPE = YES_ERROR;
				GCC_WARN_UNDECLARED_SELECTOR = YES;
				GCC_WARN_UNINITIALIZED_AUTOS = YES_AGGRESSIVE;
				GCC_WARN_UNUSED_FUNCTION = YES;
				GCC_WARN_UNUSED_VARIABLE = YES;
				IPHONEOS_DEPLOYMENT_TARGET = 7.0;
				ONLY_ACTIVE_ARCH = YES;
				SDKROOT = iphoneos;
			};
			name = Debug;
		};
		8359AF53195981F100519EF7 /* Release */ = {
			isa = XCBuildConfiguration;
			buildSettings = {
				ALWAYS_SEARCH_USER_PATHS = NO;
				CLANG_CXX_LANGUAGE_STANDARD = "gnu++0x";
				CLANG_CXX_LIBRARY = "libc++";
				CLANG_ENABLE_MODULES = YES;
				CLANG_ENABLE_OBJC_ARC = YES;
				CLANG_WARN_BOOL_CONVERSION = YES;
				CLANG_WARN_CONSTANT_CONVERSION = YES;
				CLANG_WARN_DIRECT_OBJC_ISA_USAGE = YES_ERROR;
				CLANG_WARN_EMPTY_BODY = YES;
				CLANG_WARN_ENUM_CONVERSION = YES;
				CLANG_WARN_INT_CONVERSION = YES;
				CLANG_WARN_OBJC_ROOT_CLASS = YES_ERROR;
				CLANG_WARN__DUPLICATE_METHOD_MATCH = YES;
				"CODE_SIGN_IDENTITY[sdk=iphoneos*]" = "iPhone Developer";
				COPY_PHASE_STRIP = YES;
				ENABLE_NS_ASSERTIONS = NO;
				GCC_C_LANGUAGE_STANDARD = gnu99;
				GCC_WARN_64_TO_32_BIT_CONVERSION = YES;
				GCC_WARN_ABOUT_RETURN_TYPE = YES_ERROR;
				GCC_WARN_UNDECLARED_SELECTOR = YES;
				GCC_WARN_UNINITIALIZED_AUTOS = YES_AGGRESSIVE;
				GCC_WARN_UNUSED_FUNCTION = YES;
				GCC_WARN_UNUSED_VARIABLE = YES;
				IPHONEOS_DEPLOYMENT_TARGET = 7.0;
				SDKROOT = iphoneos;
				VALIDATE_PRODUCT = YES;
			};
			name = Release;
		};
		8359AF55195981F100519EF7 /* Debug */ = {
			isa = XCBuildConfiguration;
			buildSettings = {
				ASSETCATALOG_COMPILER_APPICON_NAME = AppIcon;
				ASSETCATALOG_COMPILER_LAUNCHIMAGE_NAME = LaunchImage;
				FRAMEWORK_SEARCH_PATHS = (
					"$(inherited)",
					"/Users/element/Downloads/Baidu-Frontia-iOS-2/libs",
				);
				GCC_PRECOMPILE_PREFIX_HEADER = YES;
				GCC_PREFIX_HEADER = "ZYAddressbook/ZYAddressbook-Prefix.pch";
				INFOPLIST_FILE = "ZYAddressbook/ZYAddressbook-Info.plist";
				"OTHER_LDFLAGS[arch=*]" = "-ObjC";
				PRODUCT_NAME = "$(TARGET_NAME)";
				WRAPPER_EXTENSION = app;
			};
			name = Debug;
		};
		8359AF56195981F100519EF7 /* Release */ = {
			isa = XCBuildConfiguration;
			buildSettings = {
				ASSETCATALOG_COMPILER_APPICON_NAME = AppIcon;
				ASSETCATALOG_COMPILER_LAUNCHIMAGE_NAME = LaunchImage;
				FRAMEWORK_SEARCH_PATHS = (
					"$(inherited)",
					"/Users/element/Downloads/Baidu-Frontia-iOS-2/libs",
				);
				GCC_PRECOMPILE_PREFIX_HEADER = YES;
				GCC_PREFIX_HEADER = "ZYAddressbook/ZYAddressbook-Prefix.pch";
				INFOPLIST_FILE = "ZYAddressbook/ZYAddressbook-Info.plist";
				PRODUCT_NAME = "$(TARGET_NAME)";
				WRAPPER_EXTENSION = app;
			};
			name = Release;
		};
		8359AF58195981F100519EF7 /* Debug */ = {
			isa = XCBuildConfiguration;
			buildSettings = {
				BUNDLE_LOADER = "$(BUILT_PRODUCTS_DIR)/ZYAddressbook.app/ZYAddressbook";
				FRAMEWORK_SEARCH_PATHS = (
					"$(SDKROOT)/Developer/Library/Frameworks",
					"$(inherited)",
					"$(DEVELOPER_FRAMEWORKS_DIR)",
				);
				GCC_PRECOMPILE_PREFIX_HEADER = YES;
				GCC_PREFIX_HEADER = "ZYAddressbook/ZYAddressbook-Prefix.pch";
				GCC_PREPROCESSOR_DEFINITIONS = (
					"DEBUG=1",
					"$(inherited)",
				);
				INFOPLIST_FILE = "ZYAddressbookTests/ZYAddressbookTests-Info.plist";
				PRODUCT_NAME = "$(TARGET_NAME)";
				TEST_HOST = "$(BUNDLE_LOADER)";
				WRAPPER_EXTENSION = xctest;
			};
			name = Debug;
		};
		8359AF59195981F100519EF7 /* Release */ = {
			isa = XCBuildConfiguration;
			buildSettings = {
				BUNDLE_LOADER = "$(BUILT_PRODUCTS_DIR)/ZYAddressbook.app/ZYAddressbook";
				FRAMEWORK_SEARCH_PATHS = (
					"$(SDKROOT)/Developer/Library/Frameworks",
					"$(inherited)",
					"$(DEVELOPER_FRAMEWORKS_DIR)",
				);
				GCC_PRECOMPILE_PREFIX_HEADER = YES;
				GCC_PREFIX_HEADER = "ZYAddressbook/ZYAddressbook-Prefix.pch";
				INFOPLIST_FILE = "ZYAddressbookTests/ZYAddressbookTests-Info.plist";
				PRODUCT_NAME = "$(TARGET_NAME)";
				TEST_HOST = "$(BUNDLE_LOADER)";
				WRAPPER_EXTENSION = xctest;
			};
			name = Release;
		};
/* End XCBuildConfiguration section */

/* Begin XCConfigurationList section */
		8359AF23195981F100519EF7 /* Build configuration list for PBXProject "ZYAddressbook" */ = {
			isa = XCConfigurationList;
			buildConfigurations = (
				8359AF52195981F100519EF7 /* Debug */,
				8359AF53195981F100519EF7 /* Release */,
			);
			defaultConfigurationIsVisible = 0;
			defaultConfigurationName = Release;
		};
		8359AF54195981F100519EF7 /* Build configuration list for PBXNativeTarget "ZYAddressbook" */ = {
			isa = XCConfigurationList;
			buildConfigurations = (
				8359AF55195981F100519EF7 /* Debug */,
				8359AF56195981F100519EF7 /* Release */,
			);
			defaultConfigurationIsVisible = 0;
			defaultConfigurationName = Release;
		};
		8359AF57195981F100519EF7 /* Build configuration list for PBXNativeTarget "ZYAddressbookTests" */ = {
			isa = XCConfigurationList;
			buildConfigurations = (
				8359AF58195981F100519EF7 /* Debug */,
				8359AF59195981F100519EF7 /* Release */,
			);
			defaultConfigurationIsVisible = 0;
			defaultConfigurationName = Release;
		};
/* End XCConfigurationList section */
	};
	rootObject = 8359AF20195981F100519EF7 /* Project object */;
}
